// !$*UTF8*$!
{
	archiveVersion = 1;
	classes = {
	};
	objectVersion = 77;
	objects = {

/* Begin PBXBuildFile section */
		5D943EF500EDD134343315F3 /* Foundation.framework in Frameworks */ = {isa = PBXBuildFile; fileRef = 6CAC25CC7DD69AACADCF1BD5 /* Foundation.framework */; };
		75DE459501509DE910BB3865 /* ConstellationLockScreenWidget.swift in Sources */ = {isa = PBXBuildFile; fileRef = 9D0C2E566FE144BEB8A9635B /* ConstellationLockScreenWidget.swift */; };
		831B65A52B5BE386B4795110 /* StarBirthLiveActivity.swift in Sources */ = {isa = PBXBuildFile; fileRef = F1D581203D30BE45E688F567 /* StarBirthLiveActivity.swift */; };
		AECC8CE3F0CB6D7010555F79 /* RecordingLiveActivity.swift in Sources */ = {isa = PBXBuildFile; fileRef = 281C0A33D096F1E9CE0C8100 /* RecordingLiveActivity.swift */; };
		AF0EBC2FED7AFC90BDA6654C /* StreakLiveActivity.swift in Sources */ = {isa = PBXBuildFile; fileRef = 6AD8F9AFB436609F3E7FE19F /* StreakLiveActivity.swift */; };
		B7EDDB5B7F09E36FFA05C0D9 /* SolynWidget.swift in Sources */ = {isa = PBXBuildFile; fileRef = C0987F76F9C9410B7407713F /* SolynWidget.swift */; };
		C57AB08B73E27F7100545751 /* DailyVoxWidgets.appex in Embed App Extensions */ = {isa = PBXBuildFile; fileRef = B754D710BB041651B9191CAD /* DailyVoxWidgets.appex */; settings = {ATTRIBUTES = (RemoveHeadersOnCopy, ); }; };
		C636FC9C3F1928B91DA5C868 /* LiveActivityAttributes.swift in Sources */ = {isa = PBXBuildFile; fileRef = 8D96159BAC6C02CA6293BF92 /* LiveActivityAttributes.swift */; };
		CF62F84D2FDDE10400A0E332 /* DailyVoxTwinEngine in Frameworks */ = {isa = PBXBuildFile; productRef = CF62F84C2FDDE10400A0E331 /* DailyVoxTwinEngine */; };
/* End PBXBuildFile section */

/* Begin PBXContainerItemProxy section */
		871843FE4D84589A7921ED5F /* PBXContainerItemProxy */ = {
			isa = PBXContainerItemProxy;
			containerPortal = CFF97BE62EDE056600ED7317 /* Project object */;
			proxyType = 1;
			remoteGlobalIDString = FD8D5118AB594947E3082E3B;
			remoteInfo = DailyVoxWidgets;
		};
		CFF97C052EDE056900ED7317 /* PBXContainerItemProxy */ = {
			isa = PBXContainerItemProxy;
			containerPortal = CFF97BE62EDE056600ED7317 /* Project object */;
			proxyType = 1;
			remoteGlobalIDString = CFF97BED2EDE056600ED7317;
			remoteInfo = solyn;
		};
		CFF97C0F2EDE056900ED7317 /* PBXContainerItemProxy */ = {
			isa = PBXContainerItemProxy;
			containerPortal = CFF97BE62EDE056600ED7317 /* Project object */;
			proxyType = 1;
			remoteGlobalIDString = CFF97BED2EDE056600ED7317;
			remoteInfo = solyn;
		};
/* End PBXContainerItemProxy section */

/* Begin PBXCopyFilesBuildPhase section */
		9A63926B45ED52E41227F172 /* Embed App Extensions */ = {
			isa = PBXCopyFilesBuildPhase;
			buildActionMask = 2147483647;
			dstPath = "";
			dstSubfolderSpec = 13;
			files = (
				C57AB08B73E27F7100545751 /* DailyVoxWidgets.appex in Embed App Extensions */,
			);
			name = "Embed App Extensions";
			runOnlyForDeploymentPostprocessing = 0;
		};
/* End PBXCopyFilesBuildPhase section */

/* Begin PBXFileReference section */
		281C0A33D096F1E9CE0C8100 /* RecordingLiveActivity.swift */ = {isa = PBXFileReference; includeInIndex = 1; lastKnownFileType = sourcecode.swift; path = RecordingLiveActivity.swift; sourceTree = "<group>"; };
		6AD8F9AFB436609F3E7FE19F /* StreakLiveActivity.swift */ = {isa = PBXFileReference; includeInIndex = 1; lastKnownFileType = sourcecode.swift; path = StreakLiveActivity.swift; sourceTree = "<group>"; };
		6CAC25CC7DD69AACADCF1BD5 /* Foundation.framework */ = {isa = PBXFileReference; lastKnownFileType = wrapper.framework; name = Foundation.framework; path = Platforms/iPhoneOS.platform/Developer/SDKs/iPhoneOS18.0.sdk/System/Library/Frameworks/Foundation.framework; sourceTree = DEVELOPER_DIR; };
		8D96159BAC6C02CA6293BF92 /* LiveActivityAttributes.swift */ = {isa = PBXFileReference; includeInIndex = 1; lastKnownFileType = sourcecode.swift; name = LiveActivityAttributes.swift; path = solyn/LiveActivityAttributes.swift; sourceTree = SOURCE_ROOT; };
		9D0C2E566FE144BEB8A9635B /* ConstellationLockScreenWidget.swift */ = {isa = PBXFileReference; includeInIndex = 1; lastKnownFileType = sourcecode.swift; path = ConstellationLockScreenWidget.swift; sourceTree = "<group>"; };
		B754D710BB041651B9191CAD /* DailyVoxWidgets.appex */ = {isa = PBXFileReference; explicitFileType = "wrapper.app-extension"; includeInIndex = 0; path = DailyVoxWidgets.appex; sourceTree = BUILT_PRODUCTS_DIR; };
		C0987F76F9C9410B7407713F /* SolynWidget.swift */ = {isa = PBXFileReference; includeInIndex = 1; lastKnownFileType = sourcecode.swift; path = SolynWidget.swift; sourceTree = "<group>"; };
		CFF97BEE2EDE056600ED7317 /* solyn.app */ = {isa = PBXFileReference; explicitFileType = wrapper.application; includeInIndex = 0; path = solyn.app; sourceTree = BUILT_PRODUCTS_DIR; };
		CFF97C042EDE056900ED7317 /* solynTests.xctest */ = {isa = PBXFileReference; explicitFileType = wrapper.cfbundle; includeInIndex = 0; path = solynTests.xctest; sourceTree = BUILT_PRODUCTS_DIR; };
		CFF97C0E2EDE056900ED7317 /* solynUITests.xctest */ = {isa = PBXFileReference; explicitFileType = wrapper.cfbundle; includeInIndex = 0; path = solynUITests.xctest; sourceTree = BUILT_PRODUCTS_DIR; };
		F1D581203D30BE45E688F567 /* StarBirthLiveActivity.swift */ = {isa = PBXFileReference; includeInIndex = 1; lastKnownFileType = sourcecode.swift; path = StarBirthLiveActivity.swift; sourceTree = "<group>"; };
/* End PBXFileReference section */

/* Begin PBXFileSystemSynchronizedBuildFileExceptionSet section */
		CF4C16532EDE120000E722CA /* Exceptions for "solyn" folder in "solyn" target */ = {
			isa = PBXFileSystemSynchronizedBuildFileExceptionSet;
			membershipExceptions = (
				Info.plist,
			);
			target = CFF97BED2EDE056600ED7317 /* solyn */;
		};
/* End PBXFileSystemSynchronizedBuildFileExceptionSet section */

/* Begin PBXFileSystemSynchronizedRootGroup section */
		CFF97BF02EDE056600ED7317 /* solyn */ = {
			isa = PBXFileSystemSynchronizedRootGroup;
			exceptions = (
				CF4C16532EDE120000E722CA /* Exceptions for "solyn" folder in "solyn" target */,
			);
			path = solyn;
			sourceTree = "<group>";
		};
		CFF97C072EDE056900ED7317 /* solynTests */ = {
			isa = PBXFileSystemSynchronizedRootGroup;
			path = solynTests;
			sourceTree = "<group>";
		};
		CFF97C112EDE056900ED7317 /* solynUITests */ = {
			isa = PBXFileSystemSynchronizedRootGroup;
			path = solynUITests;
			sourceTree = "<group>";
		};
/* End PBXFileSystemSynchronizedRootGroup section */

/* Begin PBXFrameworksBuildPhase section */
		5ABD4232A3C28B802FE9320A /* Frameworks */ = {
			isa = PBXFrameworksBuildPhase;
			buildActionMask = 2147483647;
			files = (
				5D943EF500EDD134343315F3 /* Foundation.framework in Frameworks */,
			);
			runOnlyForDeploymentPostprocessing = 0;
		};
		CFF97BEB2EDE056600ED7317 /* Frameworks */ = {
			isa = PBXFrameworksBuildPhase;
			buildActionMask = 2147483647;
			files = (
				CF62F84D2FDDE10400A0E332 /* DailyVoxTwinEngine in Frameworks */,
			);
			runOnlyForDeploymentPostprocessing = 0;
		};
		CFF97C012EDE056900ED7317 /* Frameworks */ = {
			isa = PBXFrameworksBuildPhase;
			buildActionMask = 2147483647;
			files = (
			);
			runOnlyForDeploymentPostprocessing = 0;
		};
		CFF97C0B2EDE056900ED7317 /* Frameworks */ = {
			isa = PBXFrameworksBuildPhase;
			buildActionMask = 2147483647;
			files = (
			);
			runOnlyForDeploymentPostprocessing = 0;
		};
/* End PBXFrameworksBuildPhase section */

/* Begin PBXGroup section */
		7F33B15B0B2C3F5F143DE0EE /* iOS */ = {
			isa = PBXGroup;
			children = (
				6CAC25CC7DD69AACADCF1BD5 /* Foundation.framework */,
			);
			name = iOS;
			sourceTree = "<group>";
		};
		B8A00D1E20AE1CED475E2EEE /* Frameworks */ = {
			isa = PBXGroup;
			children = (
				7F33B15B0B2C3F5F143DE0EE /* iOS */,
			);
			name = Frameworks;
			sourceTree = "<group>";
		};
		BFA09B76F887900D5132BC24 /* SolynWidget */ = {
			isa = PBXGroup;
			children = (
				C0987F76F9C9410B7407713F /* SolynWidget.swift */,
				281C0A33D096F1E9CE0C8100 /* RecordingLiveActivity.swift */,
				F1D581203D30BE45E688F567 /* StarBirthLiveActivity.swift */,
				6AD8F9AFB436609F3E7FE19F /* StreakLiveActivity.swift */,
				9D0C2E566FE144BEB8A9635B /* ConstellationLockScreenWidget.swift */,
				8D96159BAC6C02CA6293BF92 /* LiveActivityAttributes.swift */,
			);
			path = SolynWidget;
			sourceTree = "<group>";
		};
		CFF97BE52EDE056600ED7317 = {
			isa = PBXGroup;
			children = (
				CFF97BF02EDE056600ED7317 /* solyn */,
				CFF97C072EDE056900ED7317 /* solynTests */,
				CFF97C112EDE056900ED7317 /* solynUITests */,
				CFF97BEF2EDE056600ED7317 /* Products */,
				B8A00D1E20AE1CED475E2EEE /* Frameworks */,
				BFA09B76F887900D5132BC24 /* SolynWidget */,
			);
			sourceTree = "<group>";
		};
		CFF97BEF2EDE056600ED7317 /* Products */ = {
			isa = PBXGroup;
			children = (
				CFF97BEE2EDE056600ED7317 /* solyn.app */,
				CFF97C042EDE056900ED7317 /* solynTests.xctest */,
				CFF97C0E2EDE056900ED7317 /* solynUITests.xctest */,
				B754D710BB041651B9191CAD /* DailyVoxWidgets.appex */,
			);
			name = Products;
			sourceTree = "<group>";
		};
/* End PBXGroup section */

/* Begin PBXNativeTarget section */
		CFF97BED2EDE056600ED7317 /* solyn */ = {
			isa = PBXNativeTarget;
			buildConfigurationList = CFF97C182EDE056900ED7317 /* Build configuration list for PBXNativeTarget "solyn" */;
			buildPhases = (
				CFF97BEA2EDE056600ED7317 /* Sources */,
				CFF97BEB2EDE056600ED7317 /* Frameworks */,
				CFF97BEC2EDE056600ED7317 /* Resources */,
				9A63926B45ED52E41227F172 /* Embed App Extensions */,
			);
			buildRules = (
			);
			dependencies = (
				A2DA8599A37DB5C76C52C7C2 /* PBXTargetDependency */,
			);
			fileSystemSynchronizedGroups = (
				CFF97BF02EDE056600ED7317 /* solyn */,
			);
			name = solyn;
			packageProductDependencies = (
				CF62F84C2FDDE10400A0E331 /* DailyVoxTwinEngine */,
			);
			productName = solyn;
			productReference = CFF97BEE2EDE056600ED7317 /* solyn.app */;
			productType = "com.apple.product-type.application";
		};
		CFF97C032EDE056900ED7317 /* solynTests */ = {
			isa = PBXNativeTarget;
			buildConfigurationList = CFF97C1B2EDE056900ED7317 /* Build configuration list for PBXNativeTarget "solynTests" */;
			buildPhases = (
				CFF97C002EDE056900ED7317 /* Sources */,
				CFF97C012EDE056900ED7317 /* Frameworks */,
				CFF97C022EDE056900ED7317 /* Resources */,
			);
			buildRules = (
			);
			dependencies = (
				CFF97C062EDE056900ED7317 /* PBXTargetDependency */,
			);
			fileSystemSynchronizedGroups = (
				CFF97C072EDE056900ED7317 /* solynTests */,
			);
			name = solynTests;
			productName = solynTests;
			productReference = CFF97C042EDE056900ED7317 /* solynTests.xctest */;
			productType = "com.apple.product-type.bundle.unit-test";
		};
		CFF97C0D2EDE056900ED7317 /* solynUITests */ = {
			isa = PBXNativeTarget;
			buildConfigurationList = CFF97C1E2EDE056900ED7317 /* Build configuration list for PBXNativeTarget "solynUITests" */;
			buildPhases = (
				CFF97C0A2EDE056900ED7317 /* Sources */,
				CFF97C0B2EDE056900ED7317 /* Frameworks */,
				CFF97C0C2EDE056900ED7317 /* Resources */,
			);
			buildRules = (
			);
			dependencies = (
				CFF97C102EDE056900ED7317 /* PBXTargetDependency */,
			);
			fileSystemSynchronizedGroups = (
				CFF97C112EDE056900ED7317 /* solynUITests */,
			);
			name = solynUITests;
			productName = solynUITests;
			productReference = CFF97C0E2EDE056900ED7317 /* solynUITests.xctest */;
			productType = "com.apple.product-type.bundle.ui-testing";
		};
		FD8D5118AB594947E3082E3B /* DailyVoxWidgets */ = {
			isa = PBXNativeTarget;
			buildConfigurationList = D8DFCE2E53D2F1266B77D2EE /* Build configuration list for PBXNativeTarget "DailyVoxWidgets" */;
			buildPhases = (
				80365740DED442F0AFF76585 /* Sources */,
				5ABD4232A3C28B802FE9320A /* Frameworks */,
				36A49965E7B989D23DA4CB09 /* Resources */,
			);
			buildRules = (
			);
			dependencies = (
			);
			name = DailyVoxWidgets;
			productName = DailyVoxWidgets;
			productReference = B754D710BB041651B9191CAD /* DailyVoxWidgets.appex */;
			productType = "com.apple.product-type.app-extension";
		};
/* End PBXNativeTarget section */

/* Begin PBXProject section */
		CFF97BE62EDE056600ED7317 /* Project object */ = {
			isa = PBXProject;
			attributes = {
				BuildIndependentTargetsInParallel = 1;
				LastSwiftUpdateCheck = 1620;
				LastUpgradeCheck = 2630;
				TargetAttributes = {
					CFF97BED2EDE056600ED7317 = {
						CreatedOnToolsVersion = 16.2;
					};
					CFF97C032EDE056900ED7317 = {
						CreatedOnToolsVersion = 16.2;
						TestTargetID = CFF97BED2EDE056600ED7317;
					};
					CFF97C0D2EDE056900ED7317 = {
						CreatedOnToolsVersion = 16.2;
						TestTargetID = CFF97BED2EDE056600ED7317;
					};
				};
			};
			buildConfigurationList = CFF97BE92EDE056600ED7317 /* Build configuration list for PBXProject "solyn" */;
			developmentRegion = en;
			hasScannedForEncodings = 0;
			knownRegions = (
				en,
				Base,
				es,
				hi,
			);
			mainGroup = CFF97BE52EDE056600ED7317;
			minimizedProjectReferenceProxies = 1;
			packageReferences = (
				CF62F84B2FDDE10400A0E330 /* XCLocalSwiftPackageReference "../DailyVoxTwin" */,
			);
			preferredProjectObjectVersion = 77;
			productRefGroup = CFF97BEF2EDE056600ED7317 /* Products */;
			projectDirPath = "";
			projectRoot = "";
			targets = (
				CFF97BED2EDE056600ED7317 /* solyn */,
				CFF97C032EDE056900ED7317 /* solynTests */,
				CFF97C0D2EDE056900ED7317 /* solynUITests */,
				FD8D5118AB594947E3082E3B /* DailyVoxWidgets */,
			);
		};
/* End PBXProject section */

/* Begin PBXResourcesBuildPhase section */
		36A49965E7B989D23DA4CB09 /* Resources */ = {
			isa = PBXResourcesBuildPhase;
			buildActionMask = 2147483647;
			files = (
			);
			runOnlyForDeploymentPostprocessing = 0;
		};
		CFF97BEC2EDE056600ED7317 /* Resources */ = {
			isa = PBXResourcesBuildPhase;
			buildActionMask = 2147483647;
			files = (
			);
			runOnlyForDeploymentPostprocessing = 0;
		};
		CFF97C022EDE056900ED7317 /* Resources */ = {
			isa = PBXResourcesBuildPhase;
			buildActionMask = 2147483647;
			files = (
			);
			runOnlyForDeploymentPostprocessing = 0;
		};
		CFF97C0C2EDE056900ED7317 /* Resources */ = {
			isa = PBXResourcesBuildPhase;
			buildActionMask = 2147483647;
			files = (
			);
			runOnlyForDeploymentPostprocessing = 0;
		};
/* End PBXResourcesBuildPhase section */

/* Begin PBXSourcesBuildPhase section */
		80365740DED442F0AFF76585 /* Sources */ = {
			isa = PBXSourcesBuildPhase;
			buildActionMask = 2147483647;
			files = (
				B7EDDB5B7F09E36FFA05C0D9 /* SolynWidget.swift in Sources */,
				AECC8CE3F0CB6D7010555F79 /* RecordingLiveActivity.swift in Sources */,
				831B65A52B5BE386B4795110 /* StarBirthLiveActivity.swift in Sources */,
				AF0EBC2FED7AFC90BDA6654C /* StreakLiveActivity.swift in Sources */,
				75DE459501509DE910BB3865 /* ConstellationLockScreenWidget.swift in Sources */,
				C636FC9C3F1928B91DA5C868 /* LiveActivityAttributes.swift in Sources */,
			);
			runOnlyForDeploymentPostprocessing = 0;
		};
		CFF97BEA2EDE056600ED7317 /* Sources */ = {
			isa = PBXSourcesBuildPhase;
			buildActionMask = 2147483647;
			files = (
			);
			runOnlyForDeploymentPostprocessing = 0;
		};
		CFF97C002EDE056900ED7317 /* Sources */ = {
			isa = PBXSourcesBuildPhase;
			buildActionMask = 2147483647;
			files = (
			);
			runOnlyForDeploymentPostprocessing = 0;
		};
		CFF97C0A2EDE056900ED7317 /* Sources */ = {
			isa = PBXSourcesBuildPhase;
			buildActionMask = 2147483647;
			files = (
			);
			runOnlyForDeploymentPostprocessing = 0;
		};
/* End PBXSourcesBuildPhase section */

/* Begin PBXTargetDependency section */
		A2DA8599A37DB5C76C52C7C2 /* PBXTargetDependency */ = {
			isa = PBXTargetDependency;
			name = DailyVoxWidgets;
			target = FD8D5118AB594947E3082E3B /* DailyVoxWidgets */;
			targetProxy = 871843FE4D84589A7921ED5F /* PBXContainerItemProxy */;
		};
		CFF97C062EDE056900ED7317 /* PBXTargetDependency */ = {
			isa = PBXTargetDependency;
			target = CFF97BED2EDE056600ED7317 /* solyn */;
			targetProxy = CFF97C052EDE056900ED7317 /* PBXContainerItemProxy */;
		};
		CFF97C102EDE056900ED7317 /* PBXTargetDependency */ = {
			isa = PBXTargetDependency;
			target = CFF97BED2EDE056600ED7317 /* solyn */;
			targetProxy = CFF97C0F2EDE056900ED7317 /* PBXContainerItemProxy */;
		};
/* End PBXTargetDependency section */

/* Begin XCBuildConfiguration section */
		5B2CA8058ACC0EFB587DF0F4 /* Debug */ = {
			isa = XCBuildConfiguration;
			buildSettings = {
				ASSETCATALOG_COMPILER_GENERATE_SWIFT_ASSET_SYMBOL_EXTENSIONS = YES;
				CLANG_ENABLE_OBJC_WEAK = NO;
				CODE_SIGN_ENTITLEMENTS = SolynWidget/SolynWidget.entitlements;
				CODE_SIGN_STYLE = Automatic;
				CURRENT_PROJECT_VERSION = 16;
				GENERATE_INFOPLIST_FILE = NO;
				INFOPLIST_FILE = SolynWidget/Info.plist;
				INFOPLIST_KEY_CFBundleDisplayName = "DailyVox Widgets";
				INFOPLIST_KEY_NSHumanReadableCopyright = "";
				IPHONEOS_DEPLOYMENT_TARGET = 17.0;
				LD_RUNPATH_SEARCH_PATHS = (
					"$(inherited)",
					"@executable_path/Frameworks",
					"@executable_path/../../Frameworks",
				);
				MARKETING_VERSION = 1.4.0;
				PRODUCT_BUNDLE_IDENTIFIER = com.dailyvox.app.DailyVoxWidgets;
				PRODUCT_NAME = "$(TARGET_NAME)";
				SDKROOT = iphoneos;
				SKIP_INSTALL = YES;
				SWIFT_ACTIVE_COMPILATION_CONDITIONS = DEBUG;
				SWIFT_EMIT_LOC_STRINGS = YES;
				SWIFT_OPTIMIZATION_LEVEL = "-Onone";
				SWIFT_VERSION = 5.0;
				TARGETED_DEVICE_FAMILY = "1,2";
			};
			name = Debug;
		};
		C4DD617FC0C15B6BD7491504 /* Release */ = {
			isa = XCBuildConfiguration;
			buildSettings = {
				ASSETCATALOG_COMPILER_GENERATE_SWIFT_ASSET_SYMBOL_EXTENSIONS = YES;
				CLANG_ENABLE_OBJC_WEAK = NO;
				CODE_SIGN_ENTITLEMENTS = SolynWidget/SolynWidget.entitlements;
				CODE_SIGN_STYLE = Automatic;
				CURRENT_PROJECT_VERSION = 16;
				GENERATE_INFOPLIST_FILE = NO;
				INFOPLIST_FILE = SolynWidget/Info.plist;
				INFOPLIST_KEY_CFBundleDisplayName = "DailyVox Widgets";
				INFOPLIST_KEY_NSHumanReadableCopyright = "";
				IPHONEOS_DEPLOYMENT_TARGET = 17.0;
				LD_RUNPATH_SEARCH_PATHS = (
					"$(inherited)",
					"@executable_path/Frameworks",
					"@executable_path/../../Frameworks",
				);
				MARKETING_VERSION = 1.4.0;
				PRODUCT_BUNDLE_IDENTIFIER = com.dailyvox.app.DailyVoxWidgets;
				PRODUCT_NAME = "$(TARGET_NAME)";
				SDKROOT = iphoneos;
				SKIP_INSTALL = YES;
				SWIFT_COMPILATION_MODE = wholemodule;
				SWIFT_EMIT_LOC_STRINGS = YES;
				SWIFT_VERSION = 5.0;
				TARGETED_DEVICE_FAMILY = "1,2";
				VALIDATE_PRODUCT = YES;
			};
			name = Release;
		};
		CFF97C162EDE056900ED7317 /* Debug */ = {
			isa = XCBuildConfiguration;
			buildSettings = {
				ALWAYS_SEARCH_USER_PATHS = NO;
				ASSETCATALOG_COMPILER_GENERATE_SWIFT_ASSET_SYMBOL_EXTENSIONS = YES;
				CLANG_ANALYZER_LOCALIZABILITY_NONLOCALIZED = YES;
				CLANG_ANALYZER_NONNULL = YES;
				CLANG_ANALYZER_NUMBER_OBJECT_CONVERSION = YES_AGGRESSIVE;
				CLANG_CXX_LANGUAGE_STANDARD = "gnu++20";
				CLANG_ENABLE_MODULES = YES;
				CLANG_ENABLE_OBJC_ARC = YES;
				CLANG_ENABLE_OBJC_WEAK = YES;
				CLANG_WARN_BLOCK_CAPTURE_AUTORELEASING = YES;
				CLANG_WARN_BOOL_CONVERSION = YES;
				CLANG_WARN_COMMA = YES;
				CLANG_WARN_CONSTANT_CONVERSION = YES;
				CLANG_WARN_DEPRECATED_OBJC_IMPLEMENTATIONS = YES;
				CLANG_WARN_DIRECT_OBJC_ISA_USAGE = YES_ERROR;
				CLANG_WARN_DOCUMENTATION_COMMENTS = YES;
				CLANG_WARN_EMPTY_BODY = YES;
				CLANG_WARN_ENUM_CONVERSION = YES;
				CLANG_WARN_INFINITE_RECURSION = YES;
				CLANG_WARN_INT_CONVERSION = YES;
				CLANG_WARN_NON_LITERAL_NULL_CONVERSION = YES;
				CLANG_WARN_OBJC_IMPLICIT_RETAIN_SELF = YES;
				CLANG_WARN_OBJC_LITERAL_CONVERSION = YES;
				CLANG_WARN_OBJC_ROOT_CLASS = YES_ERROR;
				CLANG_WARN_QUOTED_INCLUDE_IN_FRAMEWORK_HEADER = YES;
				CLANG_WARN_RANGE_LOOP_ANALYSIS = YES;
				CLANG_WARN_STRICT_PROTOTYPES = YES;
				CLANG_WARN_SUSPICIOUS_MOVE = YES;
				CLANG_WARN_UNGUARDED_AVAILABILITY = YES_AGGRESSIVE;
				CLANG_WARN_UNREACHABLE_CODE = YES;
				CLANG_WARN__DUPLICATE_METHOD_MATCH = YES;
				COPY_PHASE_STRIP = NO;
				DEAD_CODE_STRIPPING = YES;
				DEBUG_INFORMATION_FORMAT = dwarf;
				DEVELOPMENT_TEAM = 9W3J36YT29;
				ENABLE_STRICT_OBJC_MSGSEND = YES;
				ENABLE_TESTABILITY = YES;
				ENABLE_USER_SCRIPT_SANDBOXING = YES;
				GCC_C_LANGUAGE_STANDARD = gnu17;
				GCC_DYNAMIC_NO_PIC = NO;
				GCC_NO_COMMON_BLOCKS = YES;
				GCC_OPTIMIZATION_LEVEL = 0;
				GCC_PREPROCESSOR_DEFINITIONS = (
					"DEBUG=1",
					"$(inherited)",
				);
				GCC_WARN_64_TO_32_BIT_CONVERSION = YES;
				GCC_WARN_ABOUT_RETURN_TYPE = YES_ERROR;
				GCC_WARN_UNDECLARED_SELECTOR = YES;
				GCC_WARN_UNINITIALIZED_AUTOS = YES_AGGRESSIVE;
				GCC_WARN_UNUSED_FUNCTION = YES;
				GCC_WARN_UNUSED_VARIABLE = YES;
				LOCALIZATION_PREFERS_STRING_CATALOGS = NO;
				MTL_ENABLE_DEBUG_INFO = INCLUDE_SOURCE;
				MTL_FAST_MATH = YES;
				ONLY_ACTIVE_ARCH = YES;
				STRING_CATALOG_GENERATE_SYMBOLS = NO;
				SWIFT_ACTIVE_COMPILATION_CONDITIONS = "DEBUG $(inherited)";
				SWIFT_EMIT_LOC_STRINGS = NO;
				SWIFT_OPTIMIZATION_LEVEL = "-Onone";
			};
			name = Debug;
		};
		CFF97C172EDE056900ED7317 /* Release */ = {
			isa = XCBuildConfiguration;
			buildSettings = {
				ALWAYS_SEARCH_USER_PATHS = NO;
				ASSETCATALOG_COMPILER_GENERATE_SWIFT_ASSET_SYMBOL_EXTENSIONS = YES;
				CLANG_ANALYZER_LOCALIZABILITY_NONLOCALIZED = YES;
				CLANG_ANALYZER_NONNULL = YES;
				CLANG_ANALYZER_NUMBER_OBJECT_CONVERSION = YES_AGGRESSIVE;
				CLANG_CXX_LANGUAGE_STANDARD = "gnu++20";
				CLANG_ENABLE_MODULES = YES;
				CLANG_ENABLE_OBJC_ARC = YES;
				CLANG_ENABLE_OBJC_WEAK = YES;
				CLANG_WARN_BLOCK_CAPTURE_AUTORELEASING = YES;
				CLANG_WARN_BOOL_CONVERSION = YES;
				CLANG_WARN_COMMA = YES;
				CLANG_WARN_CONSTANT_CONVERSION = YES;
				CLANG_WARN_DEPRECATED_OBJC_IMPLEMENTATIONS = YES;
				CLANG_WARN_DIRECT_OBJC_ISA_USAGE = YES_ERROR;
				CLANG_WARN_DOCUMENTATION_COMMENTS = YES;
				CLANG_WARN_EMPTY_BODY = YES;
				CLANG_WARN_ENUM_CONVERSION = YES;
				CLANG_WARN_INFINITE_RECURSION = YES;
				CLANG_WARN_INT_CONVERSION = YES;
				CLANG_WARN_NON_LITERAL_NULL_CONVERSION = YES;
				CLANG_WARN_OBJC_IMPLICIT_RETAIN_SELF = YES;
				CLANG_WARN_OBJC_LITERAL_CONVERSION = YES;
				CLANG_WARN_OBJC_ROOT_CLASS = YES_ERROR;
				CLANG_WARN_QUOTED_INCLUDE_IN_FRAMEWORK_HEADER = YES;
				CLANG_WARN_RANGE_LOOP_ANALYSIS = YES;
				CLANG_WARN_STRICT_PROTOTYPES = YES;
				CLANG_WARN_SUSPICIOUS_MOVE = YES;
				CLANG_WARN_UNGUARDED_AVAILABILITY = YES_AGGRESSIVE;
				CLANG_WARN_UNREACHABLE_CODE = YES;
				CLANG_WARN__DUPLICATE_METHOD_MATCH = YES;
				COPY_PHASE_STRIP = NO;
				DEAD_CODE_STRIPPING = YES;
				DEBUG_INFORMATION_FORMAT = "dwarf-with-dsym";
				DEVELOPMENT_TEAM = 9W3J36YT29;
				ENABLE_NS_ASSERTIONS = NO;
				ENABLE_STRICT_OBJC_MSGSEND = YES;
				ENABLE_USER_SCRIPT_SANDBOXING = YES;
				GCC_C_LANGUAGE_STANDARD = gnu17;
				GCC_NO_COMMON_BLOCKS = YES;
				GCC_WARN_64_TO_32_BIT_CONVERSION = YES;
				GCC_WARN_ABOUT_RETURN_TYPE = YES_ERROR;
				GCC_WARN_UNDECLARED_SELECTOR = YES;
				GCC_WARN_UNINITIALIZED_AUTOS = YES_AGGRESSIVE;
				GCC_WARN_UNUSED_FUNCTION = YES;
				GCC_WARN_UNUSED_VARIABLE = YES;
				LOCALIZATION_PREFERS_STRING_CATALOGS = NO;
				MTL_ENABLE_DEBUG_INFO = NO;
				MTL_FAST_MATH = YES;
				STRING_CATALOG_GENERATE_SYMBOLS = NO;
				SWIFT_COMPILATION_MODE = wholemodule;
				SWIFT_EMIT_LOC_STRINGS = NO;
			};
			name = Release;
		};
		CFF97C192EDE056900ED7317 /* Debug */ = {
			isa = XCBuildConfiguration;
			buildSettings = {
				ASSETCATALOG_COMPILER_APPICON_NAME = AppIcon;
				ASSETCATALOG_COMPILER_GLOBAL_ACCENT_COLOR_NAME = AccentColor;
				CODE_SIGN_ENTITLEMENTS = solyn/solyn.entitlements;
				CODE_SIGN_IDENTITY = "Apple Development";
				CODE_SIGN_STYLE = Automatic;
				CURRENT_PROJECT_VERSION = 16;
				DEVELOPMENT_ASSET_PATHS = "\"solyn/Preview Content\"";
				ENABLE_APP_SANDBOX = YES;
				ENABLE_HARDENED_RUNTIME = YES;
				ENABLE_PREVIEWS = YES;
				ENABLE_USER_SELECTED_FILES = readonly;
				GENERATE_INFOPLIST_FILE = YES;
				INFOPLIST_FILE = solyn/Info.plist;
				INFOPLIST_KEY_CFBundleDisplayName = DailyVox;
				INFOPLIST_KEY_NSMicrophoneUsageDescription = "DailyVox uses the microphone to record your diary entries.";
				INFOPLIST_KEY_NSSpeechRecognitionUsageDescription = "DailyVox uses speech recognition to convert your recorded diary into text.";
				"INFOPLIST_KEY_UIApplicationSceneManifest_Generation[sdk=iphoneos*]" = YES;
				"INFOPLIST_KEY_UIApplicationSceneManifest_Generation[sdk=iphonesimulator*]" = YES;
				"INFOPLIST_KEY_UIApplicationSupportsIndirectInputEvents[sdk=iphoneos*]" = YES;
				"INFOPLIST_KEY_UIApplicationSupportsIndirectInputEvents[sdk=iphonesimulator*]" = YES;
				"INFOPLIST_KEY_UILaunchScreen_Generation[sdk=iphoneos*]" = YES;
				"INFOPLIST_KEY_UILaunchScreen_Generation[sdk=iphonesimulator*]" = YES;
				"INFOPLIST_KEY_UIStatusBarStyle[sdk=iphoneos*]" = UIStatusBarStyleDefault;
				"INFOPLIST_KEY_UIStatusBarStyle[sdk=iphonesimulator*]" = UIStatusBarStyleDefault;
				INFOPLIST_KEY_UISupportedInterfaceOrientations_iPad = "UIInterfaceOrientationPortrait UIInterfaceOrientationPortraitUpsideDown UIInterfaceOrientationLandscapeLeft UIInterfaceOrientationLandscapeRight";
				INFOPLIST_KEY_UISupportedInterfaceOrientations_iPhone = "UIInterfaceOrientationPortrait UIInterfaceOrientationLandscapeLeft UIInterfaceOrientationLandscapeRight";
				IPHONEOS_DEPLOYMENT_TARGET = 17.0;
				LD_RUNPATH_SEARCH_PATHS = "@executable_path/Frameworks";
				MARKETING_VERSION = 1.4.0;
				PRODUCT_BUNDLE_IDENTIFIER = com.dailyvox.app;
				PRODUCT_NAME = "$(TARGET_NAME)";
				PROVISIONING_PROFILE_SPECIFIER = "";
				REGISTER_APP_GROUPS = YES;
				SDKROOT = iphoneos;
				SUPPORTED_PLATFORMS = "iphoneos iphonesimulator";
				SWIFT_EMIT_LOC_STRINGS = NO;
				SWIFT_VERSION = 5.0;
				TARGETED_DEVICE_FAMILY = "1,2";
			};
			name = Debug;
		};
		CFF97C1A2EDE056900ED7317 /* Release */ = {
			isa = XCBuildConfiguration;
			buildSettings = {
				ASSETCATALOG_COMPILER_APPICON_NAME = AppIcon;
				ASSETCATALOG_COMPILER_GLOBAL_ACCENT_COLOR_NAME = AccentColor;
				CODE_SIGN_ENTITLEMENTS = solyn/solyn.entitlements;
				CODE_SIGN_IDENTITY = "Apple Development";
				CODE_SIGN_STYLE = Automatic;
				CURRENT_PROJECT_VERSION = 16;
				DEVELOPMENT_ASSET_PATHS = "\"solyn/Preview Content\"";
				ENABLE_APP_SANDBOX = YES;
				ENABLE_HARDENED_RUNTIME = YES;
				ENABLE_PREVIEWS = YES;
				ENABLE_USER_SELECTED_FILES = readonly;
				GENERATE_INFOPLIST_FILE = YES;
				INFOPLIST_FILE = solyn/Info.plist;
				INFOPLIST_KEY_CFBundleDisplayName = DailyVox;
				INFOPLIST_KEY_NSMicrophoneUsageDescription = "DailyVox uses the microphone to record your diary entries.";
				INFOPLIST_KEY_NSSpeechRecognitionUsageDescription = "DailyVox uses speech recognition to convert your recorded diary into text.";
				"INFOPLIST_KEY_UIApplicationSceneManifest_Generation[sdk=iphoneos*]" = YES;
				"INFOPLIST_KEY_UIApplicationSceneManifest_Generation[sdk=iphonesimulator*]" = YES;
				"INFOPLIST_KEY_UIApplicationSupportsIndirectInputEvents[sdk=iphoneos*]" = YES;
				"INFOPLIST_KEY_UIApplicationSupportsIndirectInputEvents[sdk=iphonesimulator*]" = YES;
				"INFOPLIST_KEY_UILaunchScreen_Generation[sdk=iphoneos*]" = YES;
				"INFOPLIST_KEY_UILaunchScreen_Generation[sdk=iphonesimulator*]" = YES;
				"INFOPLIST_KEY_UIStatusBarStyle[sdk=iphoneos*]" = UIStatusBarStyleDefault;
				"INFOPLIST_KEY_UIStatusBarStyle[sdk=iphonesimulator*]" = UIStatusBarStyleDefault;
				INFOPLIST_KEY_UISupportedInterfaceOrientations_iPad = "UIInterfaceOrientationPortrait UIInterfaceOrientationPortraitUpsideDown UIInterfaceOrientationLandscapeLeft UIInterfaceOrientationLandscapeRight";
				INFOPLIST_KEY_UISupportedInterfaceOrientations_iPhone = "UIInterfaceOrientationPortrait UIInterfaceOrientationLandscapeLeft UIInterfaceOrientationLandscapeRight";
				IPHONEOS_DEPLOYMENT_TARGET = 17.0;
				LD_RUNPATH_SEARCH_PATHS = "@executable_path/Frameworks";
				MARKETING_VERSION = 1.4.0;
				PRODUCT_BUNDLE_IDENTIFIER = com.dailyvox.app;
				PRODUCT_NAME = "$(TARGET_NAME)";
				PROVISIONING_PROFILE_SPECIFIER = "";
				REGISTER_APP_GROUPS = YES;
				SDKROOT = iphoneos;
				SUPPORTED_PLATFORMS = "iphoneos iphonesimulator";
				SWIFT_EMIT_LOC_STRINGS = NO;
				SWIFT_VERSION = 5.0;
				TARGETED_DEVICE_FAMILY = "1,2";
			};
			name = Release;
		};
		CFF97C1C2EDE056900ED7317 /* Debug */ = {
			isa = XCBuildConfiguration;
			buildSettings = {
				BUNDLE_LOADER = "$(TEST_HOST)";
				CODE_SIGN_STYLE = Automatic;
				CURRENT_PROJECT_VERSION = 16;
				GENERATE_INFOPLIST_FILE = YES;
				IPHONEOS_DEPLOYMENT_TARGET = 17.0;
				MARKETING_VERSION = 1.4.0;
				PRODUCT_BUNDLE_IDENTIFIER = com.dailyvox.appTests;
				PRODUCT_NAME = "$(TARGET_NAME)";
				SDKROOT = iphoneos;
				SUPPORTED_PLATFORMS = "iphoneos iphonesimulator";
				SWIFT_EMIT_LOC_STRINGS = NO;
				SWIFT_VERSION = 5.0;
				TARGETED_DEVICE_FAMILY = "1,2";
				TEST_HOST = "$(BUILT_PRODUCTS_DIR)/solyn.app/$(BUNDLE_EXECUTABLE_FOLDER_PATH)/solyn";
			};
			name = Debug;
		};
		CFF97C1D2EDE056900ED7317 /* Release */ = {
			isa = XCBuildConfiguration;
			buildSettings = {
				BUNDLE_LOADER = "$(TEST_HOST)";
				CODE_SIGN_STYLE = Automatic;
				CURRENT_PROJECT_VERSION = 16;
				GENERATE_INFOPLIST_FILE = YES;
				IPHONEOS_DEPLOYMENT_TARGET = 17.0;
				MARKETING_VERSION = 1.4.0;
				PRODUCT_BUNDLE_IDENTIFIER = com.dailyvox.appTests;
				PRODUCT_NAME = "$(TARGET_NAME)";
				SDKROOT = iphoneos;
				SUPPORTED_PLATFORMS = "iphoneos iphonesimulator";
				SWIFT_EMIT_LOC_STRINGS = NO;
				SWIFT_VERSION = 5.0;
				TARGETED_DEVICE_FAMILY = "1,2";
				TEST_HOST = "$(BUILT_PRODUCTS_DIR)/solyn.app/$(BUNDLE_EXECUTABLE_FOLDER_PATH)/solyn";
			};
			name = Release;
		};
		CFF97C1F2EDE056900ED7317 /* Debug */ = {
			isa = XCBuildConfiguration;
			buildSettings = {
				CODE_SIGN_STYLE = Automatic;
				CURRENT_PROJECT_VERSION = 16;
				GENERATE_INFOPLIST_FILE = YES;
				IPHONEOS_DEPLOYMENT_TARGET = 17.0;
				MARKETING_VERSION = 1.4.0;
				PRODUCT_BUNDLE_IDENTIFIER = com.dailyvox.appUITests;
				PRODUCT_NAME = "$(TARGET_NAME)";
				SDKROOT = iphoneos;
				SUPPORTED_PLATFORMS = "iphoneos iphonesimulator";
				SWIFT_EMIT_LOC_STRINGS = NO;
				SWIFT_VERSION = 5.0;
				TARGETED_DEVICE_FAMILY = "1,2";
				TEST_TARGET_NAME = solyn;
			};
			name = Debug;
		};
		CFF97C202EDE056900ED7317 /* Release */ = {
			isa = XCBuildConfiguration;
			buildSettings = {
				CODE_SIGN_STYLE = Automatic;
				CURRENT_PROJECT_VERSION = 16;
				GENERATE_INFOPLIST_FILE = YES;
				IPHONEOS_DEPLOYMENT_TARGET = 17.0;
				MARKETING_VERSION = 1.4.0;
				PRODUCT_BUNDLE_IDENTIFIER = com.dailyvox.appUITests;
				PRODUCT_NAME = "$(TARGET_NAME)";
				SDKROOT = iphoneos;
				SUPPORTED_PLATFORMS = "iphoneos iphonesimulator";
				SWIFT_EMIT_LOC_STRINGS = NO;
				SWIFT_VERSION = 5.0;
				TARGETED_DEVICE_FAMILY = "1,2";
				TEST_TARGET_NAME = solyn;
			};
			name = Release;
		};
/* End XCBuildConfiguration section */

/* Begin XCConfigurationList section */
		CFF97BE92EDE056600ED7317 /* Build configuration list for PBXProject "solyn" */ = {
			isa = XCConfigurationList;
			buildConfigurations = (
				CFF97C162EDE056900ED7317 /* Debug */,
				CFF97C172EDE056900ED7317 /* Release */,
			);
			defaultConfigurationIsVisible = 0;
			defaultConfigurationName = Release;
		};
		CFF97C182EDE056900ED7317 /* Build configuration list for PBXNativeTarget "solyn" */ = {
			isa = XCConfigurationList;
			buildConfigurations = (
				CFF97C192EDE056900ED7317 /* Debug */,
				CFF97C1A2EDE056900ED7317 /* Release */,
			);
			defaultConfigurationIsVisible = 0;
			defaultConfigurationName = Release;
		};
		CFF97C1B2EDE056900ED7317 /* Build configuration list for PBXNativeTarget "solynTests" */ = {
			isa = XCConfigurationList;
			buildConfigurations = (
				CFF97C1C2EDE056900ED7317 /* Debug */,
				CFF97C1D2EDE056900ED7317 /* Release */,
			);
			defaultConfigurationIsVisible = 0;
			defaultConfigurationName = Release;
		};
		CFF97C1E2EDE056900ED7317 /* Build configuration list for PBXNativeTarget "solynUITests" */ = {
			isa = XCConfigurationList;
			buildConfigurations = (
				CFF97C1F2EDE056900ED7317 /* Debug */,
				CFF97C202EDE056900ED7317 /* Release */,
			);
			defaultConfigurationIsVisible = 0;
			defaultConfigurationName = Release;
		};
		D8DFCE2E53D2F1266B77D2EE /* Build configuration list for PBXNativeTarget "DailyVoxWidgets" */ = {
			isa = XCConfigurationList;
			buildConfigurations = (
				C4DD617FC0C15B6BD7491504 /* Release */,
				5B2CA8058ACC0EFB587DF0F4 /* Debug */,
			);
			defaultConfigurationIsVisible = 0;
			defaultConfigurationName = Release;
		};
/* End XCConfigurationList section */

/* Begin XCLocalSwiftPackageReference section */
		CF62F84B2FDDE10400A0E330 /* XCLocalSwiftPackageReference "../DailyVoxTwin" */ = {
			isa = XCLocalSwiftPackageReference;
			relativePath = ../DailyVoxTwin;
		};
/* End XCLocalSwiftPackageReference section */

/* Begin XCSwiftPackageProductDependency section */
		CF62F84C2FDDE10400A0E331 /* DailyVoxTwinEngine */ = {
			isa = XCSwiftPackageProductDependency;
			productName = DailyVoxTwinEngine;
		};
/* End XCSwiftPackageProductDependency section */
	};
	rootObject = CFF97BE62EDE056600ED7317 /* Project object */;
}
